<?xml version="1.0" encoding="utf-8"?>
<Project ToolsVersion="4.0" xmlns="http://schemas.microsoft.com/developer/msbuild/2003">
  <ItemGroup>
    <Filter Include="소스 파일">
      <UniqueIdentifier>{4FC737F1-C7A5-4376-A066-2A32D752A2FF}</UniqueIdentifier>
      <Extensions>cpp;c;cc;cxx;c++;cppm;ixx;def;odl;idl;hpj;bat;asm;asmx</Extensions>
    </Filter>
    <Filter Include="헤더 파일">
      <UniqueIdentifier>{93995380-89BD-4b04-88EB-625FBE52EBFB}</UniqueIdentifier>
      <Extensions>h;hh;hpp;hxx;h++;hm;inl;inc;ipp;xsd</Extensions>
    </Filter>
    <Filter Include="리소스 파일">
      <UniqueIdentifier>{67DA6AB6-F800-4c08-8B7A-83BB121AAD01}</UniqueIdentifier>
      <Extensions>rc;ico;cur;bmp;dlg;rc2;rct;bin;rgs;gif;jpg;jpeg;jpe;resx;tiff;tif;png;wav;mfcribbon-ms</Extensions>
    </Filter>
  </ItemGroup>
  <ItemGroup>
    <ClCompile Include="factorial.cpp">
      <Filter>소스 파일</Filter>
    </ClCompile>
    <ClCompile Include="if79.cpp">
      <Filter>소스 파일</Filter>
    </ClCompile>
    <ClCompile Include="8_2.cpp">
      <Filter>소스 파일</Filter>
    </ClCompile>
    <ClCompile Include="8_1.cpp">
      <Filter>소스 파일</Filter>
    </ClCompile>
    <ClCompile Include="switch1.cpp">
      <Filter>소스 파일</Filter>
    </ClCompile>
    <ClCompile Include="fibo.cpp">
      <Filter>소스 파일</Filter>
    </ClCompile>
    <ClCompile Include="9_2_2.cpp">
      <Filter>소스 파일</Filter>
    </ClCompile>
    <ClCompile Include="loccal_Val.cpp">
      <Filter>소스 파일</Filter>
    </ClCompile>
    <ClCompile Include="static.cpp">
      <Filter>소스 파일</Filter>
    </ClCompile>
    <ClCompile Include="recur.cpp">
      <Filter>소스 파일</Filter>
    </ClCompile>
    <ClCompile Include="11-11.cpp">
      <Filter>소스 파일</Filter>
    </ClCompile>
    <ClCompile Include="11_2_1.cpp">
      <Filter>소스 파일</Filter>
    </ClCompile>
    <ClCompile Include="POINTER.cpp">
      <Filter>소스 파일</Filter>
    </ClCompile>
    <ClCompile Include="pointrer.cpp">
      <Filter>소스 파일</Filter>
    </ClCompile>
    <ClCompile Include="13_1.cpp">
      <Filter>소스 파일</Filter>
    </ClCompile>
    <ClCompile Include="13-2_2.cpp">
      <Filter>소스 파일</Filter>
    </ClCompile>
    <ClCompile Include="13_2_3.cpp">
      <Filter>소스 파일</Filter>
    </ClCompile>
    <ClCompile Include="13_2_4.cpp">
      <Filter>소스 파일</Filter>
    </ClCompile>
    <ClCompile Include="14-1_1.cpp">
      <Filter>소스 파일</Filter>
    </ClCompile>
    <ClCompile Include="chr.cpp">
      <Filter>소스 파일</Filter>
    </ClCompile>
    <ClCompile Include="sort_289.cpp">
      <Filter>소스 파일</Filter>
    </ClCompile>
    <ClCompile Include="arr_and_ptr.cpp">
      <Filter>소스 파일</Filter>
    </ClCompile>
    <ClCompile Include="input_ary.cpp">
      <Filter>소스 파일</Filter>
    </ClCompile>
    <ClCompile Include="lotto_320.cpp">
      <Filter>소스 파일</Filter>
    </ClCompile>
    <ClCompile Include="getchar.cpp">
      <Filter>소스 파일</Filter>
    </ClCompile>
    <ClCompile Include="buffer.cpp">
      <Filter>소스 파일</Filter>
    </ClCompile>
    <ClCompile Include="char_ptr.cpp">
      <Filter>소스 파일</Filter>
    </ClCompile>
    <ClCompile Include="cha_function.cpp">
      <Filter>소스 파일</Filter>
    </ClCompile>
    <ClCompile Include="sktcat.cpp">
      <Filter>소스 파일</Filter>
    </ClCompile>
    <ClCompile Include="strncpu소스.cpp">
      <Filter>소스 파일</Filter>
    </ClCompile>
    <ClCompile Include="397_2.cpp">
      <Filter>소스 파일</Filter>
    </ClCompile>
    <ClCompile Include="400.cpp">
      <Filter>소스 파일</Filter>
    </ClCompile>
    <ClCompile Include="404.cpp">
      <Filter>소스 파일</Filter>
    </ClCompile>
    <ClCompile Include="408.cpp">
      <Filter>소스 파일</Filter>
    </ClCompile>
    <ClCompile Include="412.cpp">
      <Filter>소스 파일</Filter>
    </ClCompile>
    <ClCompile Include="420.cpp">
      <Filter>소스 파일</Filter>
    </ClCompile>
    <ClCompile Include="421.cpp">
      <Filter>소스 파일</Filter>
    </ClCompile>
    <ClCompile Include="432.cpp">
      <Filter>소스 파일</Filter>
    </ClCompile>
    <ClCompile Include="441.cpp">
      <Filter>소스 파일</Filter>
    </ClCompile>
    <ClCompile Include="465.cpp">
      <Filter>소스 파일</Filter>
    </ClCompile>
    <ClCompile Include="467.cpp">
      <Filter>소스 파일</Filter>
    </ClCompile>
    <ClCompile Include="void_swap.cpp">
      <Filter>소스 파일</Filter>
    </ClCompile>
    <ClCompile Include="15-2.cpp">
      <Filter>소스 파일</Filter>
    </ClCompile>
    <ClCompile Include="15-4.cpp">
      <Filter>소스 파일</Filter>
    </ClCompile>
    <ClCompile Include="505.cpp">
      <Filter>소스 파일</Filter>
    </ClCompile>
    <ClCompile Include="516.cpp">
      <Filter>소스 파일</Filter>
    </ClCompile>
    <ClCompile Include="519_2.cpp">
      <Filter>소스 파일</Filter>
    </ClCompile>
    <ClCompile Include="523.cpp">
      <Filter>소스 파일</Filter>
    </ClCompile>
    <ClCompile Include="549.cpp">
      <Filter>소스 파일</Filter>
    </ClCompile>
    <ClCompile Include="553.cpp">
      <Filter>소스 파일</Filter>
    </ClCompile>
    <ClCompile Include="556.cpp">
      <Filter>소스 파일</Filter>
    </ClCompile>
    <ClCompile Include="558.cpp">
      <Filter>소스 파일</Filter>
    </ClCompile>
    <ClCompile Include="567.cpp">
      <Filter>소스 파일</Filter>
    </ClCompile>
    <ClCompile Include="main.c">
      <Filter>소스 파일</Filter>
    </ClCompile>
    <ClCompile Include="input.c">
      <Filter>소스 파일</Filter>
    </ClCompile>
    <ClCompile Include="average.c">
      <Filter>소스 파일</Filter>
    </ClCompile>
    <ClCompile Include="main1.cpp">
      <Filter>소스 파일</Filter>
    </ClCompile>
    <ClCompile Include="476.c">
      <Filter>소스 파일</Filter>
    </ClCompile>
    <ClCompile Include="15_1.c">
      <Filter>소스 파일</Filter>
    </ClCompile>
    <ClCompile Include="15-6.c">
      <Filter>소스 파일</Filter>
    </ClCompile>
    <ClCompile Include="16-1.c">
      <Filter>소스 파일</Filter>
    </ClCompile>
    <ClCompile Include="16-2.c">
      <Filter>소스 파일</Filter>
    </ClCompile>
    <ClCompile Include="540.c">
      <Filter>소스 파일</Filter>
    </ClCompile>
    <ClCompile Include="17-1.c">
      <Filter>소스 파일</Filter>
    </ClCompile>
    <ClCompile Include="17-3.c">
      <Filter>소스 파일</Filter>
    </ClCompile>
    <ClCompile Include="17-5.c">
      <Filter>소스 파일</Filter>
    </ClCompile>
    <ClCompile Include="17-4.c">
      <Filter>소스 파일</Filter>
    </ClCompile>
    <ClCompile Include="621.c">
      <Filter>소스 파일</Filter>
    </ClCompile>
    <ClCompile Include="MBCS1.cpp">
      <Filter>소스 파일</Filter>
    </ClCompile>
    <ClCompile Include="WBCS2.cpp">
      <Filter>소스 파일</Filter>
    </ClCompile>
    <ClCompile Include="WBC4.cpp">
      <Filter>소스 파일</Filter>
    </ClCompile>
    <ClCompile Include="PolymorphicType1.cpp">
      <Filter>소스 파일</Filter>
    </ClCompile>
    <ClCompile Include="PolymorphicType2.cpp">
      <Filter>소스 파일</Filter>
    </ClCompile>
    <ClCompile Include="GetLastError.cpp">
      <Filter>소스 파일</Filter>
    </ClCompile>
    <ClCompile Include="MBCS_WBCS1.cpp">
      <Filter>소스 파일</Filter>
    </ClCompile>
    <ClCompile Include="MBCS_WBCS2.cpp">
      <Filter>소스 파일</Filter>
    </ClCompile>
    <ClCompile Include="AdderProcess.cpp">
      <Filter>소스 파일</Filter>
    </ClCompile>
    <ClCompile Include="CreateProcess.cpp">
      <Filter>소스 파일</Filter>
    </ClCompile>
    <ClCompile Include="Operation1.cpp">
      <Filter>소스 파일</Filter>
    </ClCompile>
    <ClCompile Include="Operation2.cpp">
      <Filter>소스 파일</Filter>
    </ClCompile>
    <ClCompile Include="KerObjShare.cpp">
      <Filter>소스 파일</Filter>
    </ClCompile>
    <ClCompile Include="MailReceiver.cpp">
      <Filter>소스 파일</Filter>
    </ClCompile>
    <ClCompile Include="anonymous.cpp">
      <Filter>소스 파일</Filter>
    </ClCompile>
    <ClCompile Include="CountThread.cpp">
      <Filter>소스 파일</Filter>
    </ClCompile>
    <ClCompile Include="Createcpp.cpp">
      <Filter>소스 파일</Filter>
    </ClCompile>
    <ClCompile Include="Hello.cpp">
      <Filter>소스 파일</Filter>
    </ClCompile>
    <ClCompile Include="22_4.cpp">
      <Filter>소스 파일</Filter>
    </ClCompile>
    <ClCompile Include="26_2.cpp">
      <Filter>소스 파일</Filter>
    </ClCompile>
    <ClCompile Include="32_2.cpp">
      <Filter>소스 파일</Filter>
    </ClCompile>
    <ClCompile Include="35.cpp">
      <Filter>소스 파일</Filter>
    </ClCompile>
    <ClCompile Include="namespace.cpp">
      <Filter>소스 파일</Filter>
    </ClCompile>
    <ClCompile Include="namespace_main.cpp">
      <Filter>소스 파일</Filter>
    </ClCompile>
    <ClCompile Include="90_2cpp.cpp">
      <Filter>소스 파일</Filter>
    </ClCompile>
    <ClCompile Include="RacingCar.cpp">
      <Filter>소스 파일</Filter>
    </ClCompile>
    <ClCompile Include="114_3.cpp">
      <Filter>소스 파일</Filter>
    </ClCompile>
    <ClCompile Include="RacingCarFuncAdd.cpp">
      <Filter>소스 파일</Filter>
    </ClCompile>
    <ClCompile Include="RacingCar_ClassBase.cpp">
      <Filter>소스 파일</Filter>
    </ClCompile>
    <ClCompile Include="Car.cpp">
      <Filter>소스 파일</Filter>
    </ClCompile>
    <ClCompile Include="RacingMain.cpp">
      <Filter>소스 파일</Filter>
    </ClCompile>
    <ClCompile Include="135_3_2.cpp">
      <Filter>소스 파일</Filter>
    </ClCompile>
    <ClCompile Include="135_class.cpp">
      <Filter>소스 파일</Filter>
    </ClCompile>
    <ClCompile Include="162cap.cpp">
      <Filter>소스 파일</Filter>
    </ClCompile>
    <ClCompile Include="163_cap.cpp">
      <Filter>소스 파일</Filter>
    </ClCompile>
    <ClCompile Include="const1.cpp">
      <Filter>소스 파일</Filter>
    </ClCompile>
    <ClCompile Include="const2.cpp">
      <Filter>소스 파일</Filter>
    </ClCompile>
    <ClCompile Include="Point.cpp">
      <Filter>소스 파일</Filter>
    </ClCompile>
    <ClCompile Include="Rectangle.cpp">
      <Filter>소스 파일</Filter>
    </ClCompile>
    <ClCompile Include="RectangleConstructor.cpp">
      <Filter>소스 파일</Filter>
    </ClCompile>
    <ClCompile Include="ReferenceMember.cpp">
      <Filter>소스 파일</Filter>
    </ClCompile>
    <ClCompile Include="Destructor.cpp">
      <Filter>소스 파일</Filter>
    </ClCompile>
    <ClCompile Include="190_04_3_2.cpp">
      <Filter>소스 파일</Filter>
    </ClCompile>
    <ClCompile Include="ObjArr.cpp">
      <Filter>소스 파일</Filter>
    </ClCompile>
    <ClCompile Include="pointerthis.cpp">
      <Filter>소스 파일</Filter>
    </ClCompile>
    <ClCompile Include="selfRef.cpp">
      <Filter>소스 파일</Filter>
    </ClCompile>
    <ClCompile Include="BankingSystemV1.cpp">
      <Filter>소스 파일</Filter>
    </ClCompile>
    <ClCompile Include="classlnit.cpp">
      <Filter>소스 파일</Filter>
    </ClCompile>
    <ClCompile Include="ShallowCopyError.cpp">
      <Filter>소스 파일</Filter>
    </ClCompile>
    <ClCompile Include="deppcopy.cpp">
      <Filter>소스 파일</Filter>
    </ClCompile>
  </ItemGroup>
  <ItemGroup>
    <ClInclude Include="point.h">
      <Filter>헤더 파일</Filter>
    </ClInclude>
    <ClInclude Include="line.h">
      <Filter>헤더 파일</Filter>
    </ClInclude>
    <ClInclude Include="name1.h">
      <Filter>헤더 파일</Filter>
    </ClInclude>
    <ClInclude Include="Car.h">
      <Filter>헤더 파일</Filter>
    </ClInclude>
    <ClInclude Include="135.h">
      <Filter>헤더 파일</Filter>
    </ClInclude>
    <ClInclude Include="Rectangle.h">
      <Filter>헤더 파일</Filter>
    </ClInclude>
  </ItemGroup>
</Project>